
Microsoft Visual Studio Solution File, Format Version 12.00
# Visual Studio Version 17
VisualStudioVersion = 17.8.34511.84
MinimumVisualStudioVersion = 10.0.40219.1
Project("{FAE04EC0-301F-11D3-BF4B-00C04F79EFBC}") = "getMathApp", "getMathApp.csproj", "{AFFA720A-F8C5-4771-9E2D-F0BAD5473C2B}"
EndProject
Global
	GlobalSection(SolutionConfigurationPlatforms) = preSolution
		Debug|Any CPU = Debug|Any CPU
		Release|Any CPU = Release|Any CPU
	EndGlobalSection
	GlobalSection(ProjectConfigurationPlatforms) = postSolution
		{AFFA720A-F8C5-4771-9E2D-F0BAD5473C2B}.Debug|Any CPU.ActiveCfg = Debug|Any CPU
		{AFFA720A-F8C5-4771-9E2D-F0BAD5473C2B}.Debug|Any CPU.Build.0 = Debug|Any CPU
		{AFFA720A-F8C5-4771-9E2D-F0BAD5473C2B}.Release|Any CPU.ActiveCfg = Release|Any CPU
		{AFFA720A-F8C5-4771-9E2D-F0BAD5473C2B}.Release|Any CPU.Build.0 = Release|Any CPU
	EndGlobalSection
	GlobalSection(SolutionProperties) = preSolution
		HideSolutionNode = FALSE
	EndGlobalSection
	GlobalSection(ExtensibilityGlobals) = postSolution
		SolutionGuid = {090097C3-BBD8-4C27-A66D-ECEE3CF00DB3}
	EndGlobalSection
EndGlobal
